
Microsoft Visual Studio Solution File, Format Version 12.00
# Visual Studio Version 17
VisualStudioVersion = 17.3.32901.215
MinimumVisualStudioVersion = 10.0.40219.1
Project("{FAE04EC0-301F-11D3-BF4B-00C04F79EFBC}") = "Varvarakornilova320_CatRaDogNubi", "Varvarakornilova320_CatRaDogNubi\Varvarakornilova320_CatRaDogNubi.csproj", "{78DFAAD9-6F6E-4370-A890-1B9BF672818A}"
EndProject
Global
	GlobalSection(SolutionConfigurationPlatforms) = preSolution
		Debug|Any CPU = Debug|Any CPU
		Release|Any CPU = Release|Any CPU
	EndGlobalSection
	GlobalSection(ProjectConfigurationPlatforms) = postSolution
		{78DFAAD9-6F6E-4370-A890-1B9BF672818A}.Debug|Any CPU.ActiveCfg = Debug|Any CPU
		{78DFAAD9-6F6E-4370-A890-1B9BF672818A}.Debug|Any CPU.Build.0 = Debug|Any CPU
		{78DFAAD9-6F6E-4370-A890-1B9BF672818A}.Release|Any CPU.ActiveCfg = Release|Any CPU
		{78DFAAD9-6F6E-4370-A890-1B9BF672818A}.Release|Any CPU.Build.0 = Release|Any CPU
	EndGlobalSection
	GlobalSection(SolutionProperties) = preSolution
		HideSolutionNode = FALSE
	EndGlobalSection
	GlobalSection(ExtensibilityGlobals) = postSolution
		SolutionGuid = {2B316A65-919B-408C-B2D5-0EA8842FA792}
	EndGlobalSection
EndGlobal
